<?xml version="1.0" encoding="utf-8"?>
<Project ToolsVersion="4.0" xmlns="http://schemas.microsoft.com/developer/msbuild/2003">
  <ItemGroup>
    <ClCompile Include="Client.cpp" />
    <ClCompile Include="Socket.cpp" />
  </ItemGroup>
  <ItemGroup>
    <ClInclude Include="Socket.h" />
  </ItemGroup>
  <ItemGroup>
    <Filter Include="h">
      <UniqueIdentifier>{fb6eb89a-ce46-41a0-ad21-5cc71afda82d}</UniqueIdentifier>
    </Filter>
    <Filter Include="cpp">
      <UniqueIdentifier>{f8e5d2b5-ac75-43ec-a433-c02aeec284ce}</UniqueIdentifier>
    </Filter>
  </ItemGroup>
</Project>